
Microsoft Visual Studio Solution File, Format Version 12.00
# Visual Studio Version 17
VisualStudioVersion = 17.11.35327.3
MinimumVisualStudioVersion = 10.0.40219.1
Project("{9A19103F-16F7-4668-BE54-9A1E7A4F7556}") = "AppVentasWeb", "AppVentasWeb\AppVentasWeb.csproj", "{B6A3898B-9811-4BE3-9203-78168894F3AA}"
EndProject
Project("{2150E333-8FDC-42A3-9474-1A3956D46DE8}") = "Solution Items", "Solution Items", "{1C84117B-68C9-4EDE-8941-61FD33F8EB66}"
	ProjectSection(SolutionItems) = preProject
		.editorconfig = .editorconfig
	EndProjectSection
EndProject
Global
	GlobalSection(SolutionConfigurationPlatforms) = preSolution
		Debug|Any CPU = Debug|Any CPU
		Release|Any CPU = Release|Any CPU
	EndGlobalSection
	GlobalSection(ProjectConfigurationPlatforms) = postSolution
		{B6A3898B-9811-4BE3-9203-78168894F3AA}.Debug|Any CPU.ActiveCfg = Debug|Any CPU
		{B6A3898B-9811-4BE3-9203-78168894F3AA}.Debug|Any CPU.Build.0 = Debug|Any CPU
		{B6A3898B-9811-4BE3-9203-78168894F3AA}.Release|Any CPU.ActiveCfg = Release|Any CPU
		{B6A3898B-9811-4BE3-9203-78168894F3AA}.Release|Any CPU.Build.0 = Release|Any CPU
	EndGlobalSection
	GlobalSection(SolutionProperties) = preSolution
		HideSolutionNode = FALSE
	EndGlobalSection
	GlobalSection(ExtensibilityGlobals) = postSolution
		SolutionGuid = {1023A376-6AC6-4549-A83A-67273A2D69E3}
	EndGlobalSection
EndGlobal
